// !$*UTF8*$!
{
	archiveVersion = 1;
	classes = {
	};
	objectVersion = 50;
	objects = {

/* Begin PBXBuildFile section */
		7783E10023AF8BAD0015449B /* AppDelegate.swift in Sources */ = {isa = PBXBuildFile; fileRef = 7783E0FF23AF8BAD0015449B /* AppDelegate.swift */; };
		7783E10223AF8BAD0015449B /* SceneDelegate.swift in Sources */ = {isa = PBXBuildFile; fileRef = 7783E10123AF8BAD0015449B /* SceneDelegate.swift */; };
		7783E10523AF8BAD0015449B /* RoomsSwiftUI.xcdatamodeld in Sources */ = {isa = PBXBuildFile; fileRef = 7783E10323AF8BAD0015449B /* RoomsSwiftUI.xcdatamodeld */; };
		7783E10723AF8BAD0015449B /* ContentView.swift in Sources */ = {isa = PBXBuildFile; fileRef = 7783E10623AF8BAD0015449B /* ContentView.swift */; };
		7783E10923AF8BB10015449B /* Assets.xcassets in Resources */ = {isa = PBXBuildFile; fileRef = 7783E10823AF8BB10015449B /* Assets.xcassets */; };
		7783E10C23AF8BB10015449B /* Preview Assets.xcassets in Resources */ = {isa = PBXBuildFile; fileRef = 7783E10B23AF8BB10015449B /* Preview Assets.xcassets */; };
		7783E10F23AF8BB10015449B /* LaunchScreen.storyboard in Resources */ = {isa = PBXBuildFile; fileRef = 7783E10D23AF8BB10015449B /* LaunchScreen.storyboard */; };
		7783E11A23AF8BB20015449B /* RoomsSwiftUITests.swift in Sources */ = {isa = PBXBuildFile; fileRef = 7783E11923AF8BB20015449B /* RoomsSwiftUITests.swift */; };
		7783E12523AF8BB20015449B /* RoomsSwiftUIUITests.swift in Sources */ = {isa = PBXBuildFile; fileRef = 7783E12423AF8BB20015449B /* RoomsSwiftUIUITests.swift */; };
		7783E13323AF95CF0015449B /* Rooms.xcassets in Resources */ = {isa = PBXBuildFile; fileRef = 7783E13223AF95CF0015449B /* Rooms.xcassets */; };
		7783E13523AF96D30015449B /* Room.swift in Sources */ = {isa = PBXBuildFile; fileRef = 7783E13423AF96D30015449B /* Room.swift */; };
		7783E13723AFAC860015449B /* DetailView.swift in Sources */ = {isa = PBXBuildFile; fileRef = 7783E13623AFAC860015449B /* DetailView.swift */; };
/* End PBXBuildFile section */

/* Begin PBXContainerItemProxy section */
		7783E11623AF8BB20015449B /* PBXContainerItemProxy */ = {
			isa = PBXContainerItemProxy;
			containerPortal = 7783E0F423AF8BAC0015449B /* Project object */;
			proxyType = 1;
			remoteGlobalIDString = 7783E0FB23AF8BAC0015449B;
			remoteInfo = RoomsSwiftUI;
		};
		7783E12123AF8BB20015449B /* PBXContainerItemProxy */ = {
			isa = PBXContainerItemProxy;
			containerPortal = 7783E0F423AF8BAC0015449B /* Project object */;
			proxyType = 1;
			remoteGlobalIDString = 7783E0FB23AF8BAC0015449B;
			remoteInfo = RoomsSwiftUI;
		};
/* End PBXContainerItemProxy section */

/* Begin PBXFileReference section */
		7783E0FC23AF8BAD0015449B /* RoomsSwiftUI.app */ = {isa = PBXFileReference; explicitFileType = wrapper.application; includeInIndex = 0; path = RoomsSwiftUI.app; sourceTree = BUILT_PRODUCTS_DIR; };
		7783E0FF23AF8BAD0015449B /* AppDelegate.swift */ = {isa = PBXFileReference; lastKnownFileType = sourcecode.swift; path = AppDelegate.swift; sourceTree = "<group>"; };
		7783E10123AF8BAD0015449B /* SceneDelegate.swift */ = {isa = PBXFileReference; lastKnownFileType = sourcecode.swift; path = SceneDelegate.swift; sourceTree = "<group>"; };
		7783E10423AF8BAD0015449B /* RoomsSwiftUI.xcdatamodel */ = {isa = PBXFileReference; lastKnownFileType = wrapper.xcdatamodel; path = RoomsSwiftUI.xcdatamodel; sourceTree = "<group>"; };
		7783E10623AF8BAD0015449B /* ContentView.swift */ = {isa = PBXFileReference; lastKnownFileType = sourcecode.swift; path = ContentView.swift; sourceTree = "<group>"; };
		7783E10823AF8BB10015449B /* Assets.xcassets */ = {isa = PBXFileReference; lastKnownFileType = folder.assetcatalog; path = Assets.xcassets; sourceTree = "<group>"; };
		7783E10B23AF8BB10015449B /* Preview Assets.xcassets */ = {isa = PBXFileReference; lastKnownFileType = folder.assetcatalog; path = "Preview Assets.xcassets"; sourceTree = "<group>"; };
		7783E10E23AF8BB10015449B /* Base */ = {isa = PBXFileReference; lastKnownFileType = file.storyboard; name = Base; path = Base.lproj/LaunchScreen.storyboard; sourceTree = "<group>"; };
		7783E11023AF8BB10015449B /* Info.plist */ = {isa = PBXFileReference; lastKnownFileType = text.plist.xml; path = Info.plist; sourceTree = "<group>"; };
		7783E11523AF8BB20015449B /* RoomsSwiftUITests.xctest */ = {isa = PBXFileReference; explicitFileType = wrapper.cfbundle; includeInIndex = 0; path = RoomsSwiftUITests.xctest; sourceTree = BUILT_PRODUCTS_DIR; };
		7783E11923AF8BB20015449B /* RoomsSwiftUITests.swift */ = {isa = PBXFileReference; lastKnownFileType = sourcecode.swift; path = RoomsSwiftUITests.swift; sourceTree = "<group>"; };
		7783E11B23AF8BB20015449B /* Info.plist */ = {isa = PBXFileReference; lastKnownFileType = text.plist.xml; path = Info.plist; sourceTree = "<group>"; };
		7783E12023AF8BB20015449B /* RoomsSwiftUIUITests.xctest */ = {isa = PBXFileReference; explicitFileType = wrapper.cfbundle; includeInIndex = 0; path = RoomsSwiftUIUITests.xctest; sourceTree = BUILT_PRODUCTS_DIR; };
		7783E12423AF8BB20015449B /* RoomsSwiftUIUITests.swift */ = {isa = PBXFileReference; lastKnownFileType = sourcecode.swift; path = RoomsSwiftUIUITests.swift; sourceTree = "<group>"; };
		7783E12623AF8BB20015449B /* Info.plist */ = {isa = PBXFileReference; lastKnownFileType = text.plist.xml; path = Info.plist; sourceTree = "<group>"; };
		7783E13223AF95CF0015449B /* Rooms.xcassets */ = {isa = PBXFileReference; lastKnownFileType = folder.assetcatalog; path = Rooms.xcassets; sourceTree = "<group>"; };
		7783E13423AF96D30015449B /* Room.swift */ = {isa = PBXFileReference; lastKnownFileType = sourcecode.swift; path = Room.swift; sourceTree = "<group>"; };
		7783E13623AFAC860015449B /* DetailView.swift */ = {isa = PBXFileReference; lastKnownFileType = sourcecode.swift; path = DetailView.swift; sourceTree = "<group>"; };
/* End PBXFileReference section */

/* Begin PBXFrameworksBuildPhase section */
		7783E0F923AF8BAC0015449B /* Frameworks */ = {
			isa = PBXFrameworksBuildPhase;
			buildActionMask = 2147483647;
			files = (
			);
			runOnlyForDeploymentPostprocessing = 0;
		};
		7783E11223AF8BB20015449B /* Frameworks */ = {
			isa = PBXFrameworksBuildPhase;
			buildActionMask = 2147483647;
			files = (
			);
			runOnlyForDeploymentPostprocessing = 0;
		};
		7783E11D23AF8BB20015449B /* Frameworks */ = {
			isa = PBXFrameworksBuildPhase;
			buildActionMask = 2147483647;
			files = (
			);
			runOnlyForDeploymentPostprocessing = 0;
		};
/* End PBXFrameworksBuildPhase section */

/* Begin PBXGroup section */
		7783E0F323AF8BAC0015449B = {
			isa = PBXGroup;
			children = (
				7783E0FE23AF8BAD0015449B /* RoomsSwiftUI */,
				7783E11823AF8BB20015449B /* RoomsSwiftUITests */,
				7783E12323AF8BB20015449B /* RoomsSwiftUIUITests */,
				7783E0FD23AF8BAD0015449B /* Products */,
			);
			sourceTree = "<group>";
		};
		7783E0FD23AF8BAD0015449B /* Products */ = {
			isa = PBXGroup;
			children = (
				7783E0FC23AF8BAD0015449B /* RoomsSwiftUI.app */,
				7783E11523AF8BB20015449B /* RoomsSwiftUITests.xctest */,
				7783E12023AF8BB20015449B /* RoomsSwiftUIUITests.xctest */,
			);
			name = Products;
			sourceTree = "<group>";
		};
		7783E0FE23AF8BAD0015449B /* RoomsSwiftUI */ = {
			isa = PBXGroup;
			children = (
				7783E0FF23AF8BAD0015449B /* AppDelegate.swift */,
				7783E10123AF8BAD0015449B /* SceneDelegate.swift */,
				7783E10623AF8BAD0015449B /* ContentView.swift */,
				7783E13623AFAC860015449B /* DetailView.swift */,
				7783E13423AF96D30015449B /* Room.swift */,
				7783E13223AF95CF0015449B /* Rooms.xcassets */,
				7783E10823AF8BB10015449B /* Assets.xcassets */,
				7783E10D23AF8BB10015449B /* LaunchScreen.storyboard */,
				7783E11023AF8BB10015449B /* Info.plist */,
				7783E10323AF8BAD0015449B /* RoomsSwiftUI.xcdatamodeld */,
				7783E10A23AF8BB10015449B /* Preview Content */,
			);
			path = RoomsSwiftUI;
			sourceTree = "<group>";
		};
		7783E10A23AF8BB10015449B /* Preview Content */ = {
			isa = PBXGroup;
			children = (
				7783E10B23AF8BB10015449B /* Preview Assets.xcassets */,
			);
			path = "Preview Content";
			sourceTree = "<group>";
		};
		7783E11823AF8BB20015449B /* RoomsSwiftUITests */ = {
			isa = PBXGroup;
			children = (
				7783E11923AF8BB20015449B /* RoomsSwiftUITests.swift */,
				7783E11B23AF8BB20015449B /* Info.plist */,
			);
			path = RoomsSwiftUITests;
			sourceTree = "<group>";
		};
		7783E12323AF8BB20015449B /* RoomsSwiftUIUITests */ = {
			isa = PBXGroup;
			children = (
				7783E12423AF8BB20015449B /* RoomsSwiftUIUITests.swift */,
				7783E12623AF8BB20015449B /* Info.plist */,
			);
			path = RoomsSwiftUIUITests;
			sourceTree = "<group>";
		};
/* End PBXGroup section */

/* Begin PBXNativeTarget section */
		7783E0FB23AF8BAC0015449B /* RoomsSwiftUI */ = {
			isa = PBXNativeTarget;
			buildConfigurationList = 7783E12923AF8BB20015449B /* Build configuration list for PBXNativeTarget "RoomsSwiftUI" */;
			buildPhases = (
				7783E0F823AF8BAC0015449B /* Sources */,
				7783E0F923AF8BAC0015449B /* Frameworks */,
				7783E0FA23AF8BAC0015449B /* Resources */,
			);
			buildRules = (
			);
			dependencies = (
			);
			name = RoomsSwiftUI;
			productName = RoomsSwiftUI;
			productReference = 7783E0FC23AF8BAD0015449B /* RoomsSwiftUI.app */;
			productType = "com.apple.product-type.application";
		};
		7783E11423AF8BB20015449B /* RoomsSwiftUITests */ = {
			isa = PBXNativeTarget;
			buildConfigurationList = 7783E12C23AF8BB20015449B /* Build configuration list for PBXNativeTarget "RoomsSwiftUITests" */;
			buildPhases = (
				7783E11123AF8BB20015449B /* Sources */,
				7783E11223AF8BB20015449B /* Frameworks */,
				7783E11323AF8BB20015449B /* Resources */,
			);
			buildRules = (
			);
			dependencies = (
				7783E11723AF8BB20015449B /* PBXTargetDependency */,
			);
			name = RoomsSwiftUITests;
			productName = RoomsSwiftUITests;
			productReference = 7783E11523AF8BB20015449B /* RoomsSwiftUITests.xctest */;
			productType = "com.apple.product-type.bundle.unit-test";
		};
		7783E11F23AF8BB20015449B /* RoomsSwiftUIUITests */ = {
			isa = PBXNativeTarget;
			buildConfigurationList = 7783E12F23AF8BB20015449B /* Build configuration list for PBXNativeTarget "RoomsSwiftUIUITests" */;
			buildPhases = (
				7783E11C23AF8BB20015449B /* Sources */,
				7783E11D23AF8BB20015449B /* Frameworks */,
				7783E11E23AF8BB20015449B /* Resources */,
			);
			buildRules = (
			);
			dependencies = (
				7783E12223AF8BB20015449B /* PBXTargetDependency */,
			);
			name = RoomsSwiftUIUITests;
			productName = RoomsSwiftUIUITests;
			productReference = 7783E12023AF8BB20015449B /* RoomsSwiftUIUITests.xctest */;
			productType = "com.apple.product-type.bundle.ui-testing";
		};
/* End PBXNativeTarget section */

/* Begin PBXProject section */
		7783E0F423AF8BAC0015449B /* Project object */ = {
			isa = PBXProject;
			attributes = {
				LastSwiftUpdateCheck = 1130;
				LastUpgradeCheck = 1130;
				ORGANIZATIONNAME = "Abhishek Gupta";
				TargetAttributes = {
					7783E0FB23AF8BAC0015449B = {
						CreatedOnToolsVersion = 11.3;
					};
					7783E11423AF8BB20015449B = {
						CreatedOnToolsVersion = 11.3;
						TestTargetID = 7783E0FB23AF8BAC0015449B;
					};
					7783E11F23AF8BB20015449B = {
						CreatedOnToolsVersion = 11.3;
						TestTargetID = 7783E0FB23AF8BAC0015449B;
					};
				};
			};
			buildConfigurationList = 7783E0F723AF8BAC0015449B /* Build configuration list for PBXProject "RoomsSwiftUI" */;
			compatibilityVersion = "Xcode 9.3";
			developmentRegion = en;
			hasScannedForEncodings = 0;
			knownRegions = (
				en,
				Base,
			);
			mainGroup = 7783E0F323AF8BAC0015449B;
			productRefGroup = 7783E0FD23AF8BAD0015449B /* Products */;
			projectDirPath = "";
			projectRoot = "";
			targets = (
				7783E0FB23AF8BAC0015449B /* RoomsSwiftUI */,
				7783E11423AF8BB20015449B /* RoomsSwiftUITests */,
				7783E11F23AF8BB20015449B /* RoomsSwiftUIUITests */,
			);
		};
/* End PBXProject section */

/* Begin PBXResourcesBuildPhase section */
		7783E0FA23AF8BAC0015449B /* Resources */ = {
			isa = PBXResourcesBuildPhase;
			buildActionMask = 2147483647;
			files = (
				7783E10F23AF8BB10015449B /* LaunchScreen.storyboard in Resources */,
				7783E10C23AF8BB10015449B /* Preview Assets.xcassets in Resources */,
				7783E13323AF95CF0015449B /* Rooms.xcassets in Resources */,
				7783E10923AF8BB10015449B /* Assets.xcassets in Resources */,
			);
			runOnlyForDeploymentPostprocessing = 0;
		};
		7783E11323AF8BB20015449B /* Resources */ = {
			isa = PBXResourcesBuildPhase;
			buildActionMask = 2147483647;
			files = (
			);
			runOnlyForDeploymentPostprocessing = 0;
		};
		7783E11E23AF8BB20015449B /* Resources */ = {
			isa = PBXResourcesBuildPhase;
			buildActionMask = 2147483647;
			files = (
			);
			runOnlyForDeploymentPostprocessing = 0;
		};
/* End PBXResourcesBuildPhase section */

/* Begin PBXSourcesBuildPhase section */
		7783E0F823AF8BAC0015449B /* Sources */ = {
			isa = PBXSourcesBuildPhase;
			buildActionMask = 2147483647;
			files = (
				7783E10523AF8BAD0015449B /* RoomsSwiftUI.xcdatamodeld in Sources */,
				7783E13723AFAC860015449B /* DetailView.swift in Sources */,
				7783E10023AF8BAD0015449B /* AppDelegate.swift in Sources */,
				7783E10723AF8BAD0015449B /* ContentView.swift in Sources */,
				7783E10223AF8BAD0015449B /* SceneDelegate.swift in Sources */,
				7783E13523AF96D30015449B /* Room.swift in Sources */,
			);
			runOnlyForDeploymentPostprocessing = 0;
		};
		7783E11123AF8BB20015449B /* Sources */ = {
			isa = PBXSourcesBuildPhase;
			buildActionMask = 2147483647;
			files = (
				7783E11A23AF8BB20015449B /* RoomsSwiftUITests.swift in Sources */,
			);
			runOnlyForDeploymentPostprocessing = 0;
		};
		7783E11C23AF8BB20015449B /* Sources */ = {
			isa = PBXSourcesBuildPhase;
			buildActionMask = 2147483647;
			files = (
				7783E12523AF8BB20015449B /* RoomsSwiftUIUITests.swift in Sources */,
			);
			runOnlyForDeploymentPostprocessing = 0;
		};
/* End PBXSourcesBuildPhase section */

/* Begin PBXTargetDependency section */
		7783E11723AF8BB20015449B /* PBXTargetDependency */ = {
			isa = PBXTargetDependency;
			target = 7783E0FB23AF8BAC0015449B /* RoomsSwiftUI */;
			targetProxy = 7783E11623AF8BB20015449B /* PBXContainerItemProxy */;
		};
		7783E12223AF8BB20015449B /* PBXTargetDependency */ = {
			isa = PBXTargetDependency;
			target = 7783E0FB23AF8BAC0015449B /* RoomsSwiftUI */;
			targetProxy = 7783E12123AF8BB20015449B /* PBXContainerItemProxy */;
		};
/* End PBXTargetDependency section */

/* Begin PBXVariantGroup section */
		7783E10D23AF8BB10015449B /* LaunchScreen.storyboard */ = {
			isa = PBXVariantGroup;
			children = (
				7783E10E23AF8BB10015449B /* Base */,
			);
			name = LaunchScreen.storyboard;
			sourceTree = "<group>";
		};
/* End PBXVariantGroup section */

/* Begin XCBuildConfiguration section */
		7783E12723AF8BB20015449B /* Debug */ = {
			isa = XCBuildConfiguration;
			buildSettings = {
				ALWAYS_SEARCH_USER_PATHS = NO;
				CLANG_ANALYZER_NONNULL = YES;
				CLANG_ANALYZER_NUMBER_OBJECT_CONVERSION = YES_AGGRESSIVE;
				CLANG_CXX_LANGUAGE_STANDARD = "gnu++14";
				CLANG_CXX_LIBRARY = "libc++";
				CLANG_ENABLE_MODULES = YES;
				CLANG_ENABLE_OBJC_ARC = YES;
				CLANG_ENABLE_OBJC_WEAK = YES;
				CLANG_WARN_BLOCK_CAPTURE_AUTORELEASING = YES;
				CLANG_WARN_BOOL_CONVERSION = YES;
				CLANG_WARN_COMMA = YES;
				CLANG_WARN_CONSTANT_CONVERSION = YES;
				CLANG_WARN_DEPRECATED_OBJC_IMPLEMENTATIONS = YES;
				CLANG_WARN_DIRECT_OBJC_ISA_USAGE = YES_ERROR;
				CLANG_WARN_DOCUMENTATION_COMMENTS = YES;
				CLANG_WARN_EMPTY_BODY = YES;
				CLANG_WARN_ENUM_CONVERSION = YES;
				CLANG_WARN_INFINITE_RECURSION = YES;
				CLANG_WARN_INT_CONVERSION = YES;
				CLANG_WARN_NON_LITERAL_NULL_CONVERSION = YES;
				CLANG_WARN_OBJC_IMPLICIT_RETAIN_SELF = YES;
				CLANG_WARN_OBJC_LITERAL_CONVERSION = YES;
				CLANG_WARN_OBJC_ROOT_CLASS = YES_ERROR;
				CLANG_WARN_RANGE_LOOP_ANALYSIS = YES;
				CLANG_WARN_STRICT_PROTOTYPES = YES;
				CLANG_WARN_SUSPICIOUS_MOVE = YES;
				CLANG_WARN_UNGUARDED_AVAILABILITY = YES_AGGRESSIVE;
				CLANG_WARN_UNREACHABLE_CODE = YES;
				CLANG_WARN__DUPLICATE_METHOD_MATCH = YES;
				COPY_PHASE_STRIP = NO;
				DEBUG_INFORMATION_FORMAT = dwarf;
				ENABLE_STRICT_OBJC_MSGSEND = YES;
				ENABLE_TESTABILITY = YES;
				GCC_C_LANGUAGE_STANDARD = gnu11;
				GCC_DYNAMIC_NO_PIC = NO;
				GCC_NO_COMMON_BLOCKS = YES;
				GCC_OPTIMIZATION_LEVEL = 0;
				GCC_PREPROCESSOR_DEFINITIONS = (
					"DEBUG=1",
					"$(inherited)",
				);
				GCC_WARN_64_TO_32_BIT_CONVERSION = YES;
				GCC_WARN_ABOUT_RETURN_TYPE = YES_ERROR;
				GCC_WARN_UNDECLARED_SELECTOR = YES;
				GCC_WARN_UNINITIALIZED_AUTOS = YES_AGGRESSIVE;
				GCC_WARN_UNUSED_FUNCTION = YES;
				GCC_WARN_UNUSED_VARIABLE = YES;
				IPHONEOS_DEPLOYMENT_TARGET = 13.0;
				MTL_ENABLE_DEBUG_INFO = INCLUDE_SOURCE;
				MTL_FAST_MATH = YES;
				ONLY_ACTIVE_ARCH = YES;
				SDKROOT = iphoneos;
				SWIFT_ACTIVE_COMPILATION_CONDITIONS = DEBUG;
				SWIFT_OPTIMIZATION_LEVEL = "-Onone";
			};
			name = Debug;
		};
		7783E12823AF8BB20015449B /* Release */ = {
			isa = XCBuildConfiguration;
			buildSettings = {
				ALWAYS_SEARCH_USER_PATHS = NO;
				CLANG_ANALYZER_NONNULL = YES;
				CLANG_ANALYZER_NUMBER_OBJECT_CONVERSION = YES_AGGRESSIVE;
				CLANG_CXX_LANGUAGE_STANDARD = "gnu++14";
				CLANG_CXX_LIBRARY = "libc++";
				CLANG_ENABLE_MODULES = YES;
				CLANG_ENABLE_OBJC_ARC = YES;
				CLANG_ENABLE_OBJC_WEAK = YES;
				CLANG_WARN_BLOCK_CAPTURE_AUTORELEASING = YES;
				CLANG_WARN_BOOL_CONVERSION = YES;
				CLANG_WARN_COMMA = YES;
				CLANG_WARN_CONSTANT_CONVERSION = YES;
				CLANG_WARN_DEPRECATED_OBJC_IMPLEMENTATIONS = YES;
				CLANG_WARN_DIRECT_OBJC_ISA_USAGE = YES_ERROR;
				CLANG_WARN_DOCUMENTATION_COMMENTS = YES;
				CLANG_WARN_EMPTY_BODY = YES;
				CLANG_WARN_ENUM_CONVERSION = YES;
				CLANG_WARN_INFINITE_RECURSION = YES;
				CLANG_WARN_INT_CONVERSION = YES;
				CLANG_WARN_NON_LITERAL_NULL_CONVERSION = YES;
				CLANG_WARN_OBJC_IMPLICIT_RETAIN_SELF = YES;
				CLANG_WARN_OBJC_LITERAL_CONVERSION = YES;
				CLANG_WARN_OBJC_ROOT_CLASS = YES_ERROR;
				CLANG_WARN_RANGE_LOOP_ANALYSIS = YES;
				CLANG_WARN_STRICT_PROTOTYPES = YES;
				CLANG_WARN_SUSPICIOUS_MOVE = YES;
				CLANG_WARN_UNGUARDED_AVAILABILITY = YES_AGGRESSIVE;
				CLANG_WARN_UNREACHABLE_CODE = YES;
				CLANG_WARN__DUPLICATE_METHOD_MATCH = YES;
				COPY_PHASE_STRIP = NO;
				DEBUG_INFORMATION_FORMAT = "dwarf-with-dsym";
				ENABLE_NS_ASSERTIONS = NO;
				ENABLE_STRICT_OBJC_MSGSEND = YES;
				GCC_C_LANGUAGE_STANDARD = gnu11;
				GCC_NO_COMMON_BLOCKS = YES;
				GCC_WARN_64_TO_32_BIT_CONVERSION = YES;
				GCC_WARN_ABOUT_RETURN_TYPE = YES_ERROR;
				GCC_WARN_UNDECLARED_SELECTOR = YES;
				GCC_WARN_UNINITIALIZED_AUTOS = YES_AGGRESSIVE;
				GCC_WARN_UNUSED_FUNCTION = YES;
				GCC_WARN_UNUSED_VARIABLE = YES;
				IPHONEOS_DEPLOYMENT_TARGET = 13.0;
				MTL_ENABLE_DEBUG_INFO = NO;
				MTL_FAST_MATH = YES;
				SDKROOT = iphoneos;
				SWIFT_COMPILATION_MODE = wholemodule;
				SWIFT_OPTIMIZATION_LEVEL = "-O";
				VALIDATE_PRODUCT = YES;
			};
			name = Release;
		};
		7783E12A23AF8BB20015449B /* Debug */ = {
			isa = XCBuildConfiguration;
			buildSettings = {
				ASSETCATALOG_COMPILER_APPICON_NAME = AppIcon;
				CODE_SIGN_IDENTITY = "Apple Development";
				CODE_SIGN_STYLE = Automatic;
				DEVELOPMENT_ASSET_PATHS = "\"RoomsSwiftUI/Preview Content\"";
				DEVELOPMENT_TEAM = 2ZER7K53MY;
				ENABLE_PREVIEWS = YES;
				INFOPLIST_FILE = RoomsSwiftUI/Info.plist;
				LD_RUNPATH_SEARCH_PATHS = (
					"$(inherited)",
					"@executable_path/Frameworks",
				);
				PRODUCT_BUNDLE_IDENTIFIER = com.RoomsSwiftUI;
				PRODUCT_NAME = "$(TARGET_NAME)";
				PROVISIONING_PROFILE_SPECIFIER = "";
				SWIFT_VERSION = 5.0;
				TARGETED_DEVICE_FAMILY = "1,2";
			};
			name = Debug;
		};
		7783E12B23AF8BB20015449B /* Release */ = {
			isa = XCBuildConfiguration;
			buildSettings = {
				ASSETCATALOG_COMPILER_APPICON_NAME = AppIcon;
				CODE_SIGN_IDENTITY = "Apple Development";
				CODE_SIGN_STYLE = Automatic;
				DEVELOPMENT_ASSET_PATHS = "\"RoomsSwiftUI/Preview Content\"";
				DEVELOPMENT_TEAM = 2ZER7K53MY;
				ENABLE_PREVIEWS = YES;
				INFOPLIST_FILE = RoomsSwiftUI/Info.plist;
				LD_RUNPATH_SEARCH_PATHS = (
					"$(inherited)",
					"@executable_path/Frameworks",
				);
				PRODUCT_BUNDLE_IDENTIFIER = com.RoomsSwiftUI;
				PRODUCT_NAME = "$(TARGET_NAME)";
				PROVISIONING_PROFILE_SPECIFIER = "";
				SWIFT_VERSION = 5.0;
				TARGETED_DEVICE_FAMILY = "1,2";
			};
			name = Release;
		};
		7783E12D23AF8BB20015449B /* Debug */ = {
			isa = XCBuildConfiguration;
			buildSettings = {
				ALWAYS_EMBED_SWIFT_STANDARD_LIBRARIES = YES;
				BUNDLE_LOADER = "$(TEST_HOST)";
				CODE_SIGN_STYLE = Automatic;
				DEVELOPMENT_TEAM = 2ZER7K53MY;
				INFOPLIST_FILE = RoomsSwiftUITests/Info.plist;
				IPHONEOS_DEPLOYMENT_TARGET = 13.2;
				LD_RUNPATH_SEARCH_PATHS = (
					"$(inherited)",
					"@executable_path/Frameworks",
					"@loader_path/Frameworks",
				);
				PRODUCT_BUNDLE_IDENTIFIER = com.RoomsSwiftUITests;
				PRODUCT_NAME = "$(TARGET_NAME)";
				SWIFT_VERSION = 5.0;
				TARGETED_DEVICE_FAMILY = "1,2";
				TEST_HOST = "$(BUILT_PRODUCTS_DIR)/RoomsSwiftUI.app/RoomsSwiftUI";
			};
			name = Debug;
		};
		7783E12E23AF8BB20015449B /* Release */ = {
			isa = XCBuildConfiguration;
			buildSettings = {
				ALWAYS_EMBED_SWIFT_STANDARD_LIBRARIES = YES;
				BUNDLE_LOADER = "$(TEST_HOST)";
				CODE_SIGN_STYLE = Automatic;
				DEVELOPMENT_TEAM = 2ZER7K53MY;
				INFOPLIST_FILE = RoomsSwiftUITests/Info.plist;
				IPHONEOS_DEPLOYMENT_TARGET = 13.2;
				LD_RUNPATH_SEARCH_PATHS = (
					"$(inherited)",
					"@executable_path/Frameworks",
					"@loader_path/Frameworks",
				);
				PRODUCT_BUNDLE_IDENTIFIER = com.RoomsSwiftUITests;
				PRODUCT_NAME = "$(TARGET_NAME)";
				SWIFT_VERSION = 5.0;
				TARGETED_DEVICE_FAMILY = "1,2";
				TEST_HOST = "$(BUILT_PRODUCTS_DIR)/RoomsSwiftUI.app/RoomsSwiftUI";
			};
			name = Release;
		};
		7783E13023AF8BB20015449B /* Debug */ = {
			isa = XCBuildConfiguration;
			buildSettings = {
				ALWAYS_EMBED_SWIFT_STANDARD_LIBRARIES = YES;
				CODE_SIGN_STYLE = Automatic;
				DEVELOPMENT_TEAM = 2ZER7K53MY;
				INFOPLIST_FILE = RoomsSwiftUIUITests/Info.plist;
				LD_RUNPATH_SEARCH_PATHS = (
					"$(inherited)",
					"@executable_path/Frameworks",
					"@loader_path/Frameworks",
				);
				PRODUCT_BUNDLE_IDENTIFIER = com.RoomsSwiftUIUITests;
				PRODUCT_NAME = "$(TARGET_NAME)";
				SWIFT_VERSION = 5.0;
				TARGETED_DEVICE_FAMILY = "1,2";
				TEST_TARGET_NAME = RoomsSwiftUI;
			};
			name = Debug;
		};
		7783E13123AF8BB20015449B /* Release */ = {
			isa = XCBuildConfiguration;
			buildSettings = {
				ALWAYS_EMBED_SWIFT_STANDARD_LIBRARIES = YES;
				CODE_SIGN_STYLE = Automatic;
				DEVELOPMENT_TEAM = 2ZER7K53MY;
				INFOPLIST_FILE = RoomsSwiftUIUITests/Info.plist;
				LD_RUNPATH_SEARCH_PATHS = (
					"$(inherited)",
					"@executable_path/Frameworks",
					"@loader_path/Frameworks",
				);
				PRODUCT_BUNDLE_IDENTIFIER = com.RoomsSwiftUIUITests;
				PRODUCT_NAME = "$(TARGET_NAME)";
				SWIFT_VERSION = 5.0;
				TARGETED_DEVICE_FAMILY = "1,2";
				TEST_TARGET_NAME = RoomsSwiftUI;
			};
			name = Release;
		};
/* End XCBuildConfiguration section */

/* Begin XCConfigurationList section */
		7783E0F723AF8BAC0015449B /* Build configuration list for PBXProject "RoomsSwiftUI" */ = {
			isa = XCConfigurationList;
			buildConfigurations = (
				7783E12723AF8BB20015449B /* Debug */,
				7783E12823AF8BB20015449B /* Release */,
			);
			defaultConfigurationIsVisible = 0;
			defaultConfigurationName = Release;
		};
		7783E12923AF8BB20015449B /* Build configuration list for PBXNativeTarget "RoomsSwiftUI" */ = {
			isa = XCConfigurationList;
			buildConfigurations = (
				7783E12A23AF8BB20015449B /* Debug */,
				7783E12B23AF8BB20015449B /* Release */,
			);
			defaultConfigurationIsVisible = 0;
			defaultConfigurationName = Release;
		};
		7783E12C23AF8BB20015449B /* Build configuration list for PBXNativeTarget "RoomsSwiftUITests" */ = {
			isa = XCConfigurationList;
			buildConfigurations = (
				7783E12D23AF8BB20015449B /* Debug */,
				7783E12E23AF8BB20015449B /* Release */,
			);
			defaultConfigurationIsVisible = 0;
			defaultConfigurationName = Release;
		};
		7783E12F23AF8BB20015449B /* Build configuration list for PBXNativeTarget "RoomsSwiftUIUITests" */ = {
			isa = XCConfigurationList;
			buildConfigurations = (
				7783E13023AF8BB20015449B /* Debug */,
				7783E13123AF8BB20015449B /* Release */,
			);
			defaultConfigurationIsVisible = 0;
			defaultConfigurationName = Release;
		};
/* End XCConfigurationList section */

/* Begin XCVersionGroup section */
		7783E10323AF8BAD0015449B /* RoomsSwiftUI.xcdatamodeld */ = {
			isa = XCVersionGroup;
			children = (
				7783E10423AF8BAD0015449B /* RoomsSwiftUI.xcdatamodel */,
			);
			currentVersion = 7783E10423AF8BAD0015449B /* RoomsSwiftUI.xcdatamodel */;
			path = RoomsSwiftUI.xcdatamodeld;
			sourceTree = "<group>";
			versionGroupType = wrapper.xcdatamodel;
		};
/* End XCVersionGroup section */
	};
	rootObject = 7783E0F423AF8BAC0015449B /* Project object */;
}
